{
  "originHash": "7ccba23a65216d2074b44a1da439fef1743872e1f4b76594fde6500603e7cee9",
  "pins": [
    {
      "identity": "swift-argument-parser",
      "kind": "remoteSourceControl",
      "location": "https://github.com/apple/swift-argument-parser.git",
      "state": {
        "revision": "6a52f3251125d74daf04fcbd5e6f08a75d074382",
        "version": "1.8.2"
      }
    }
  ],
  "version": 3
}
